# Runtime packages pinned to the validated remote inference environment.
acvl_utils==0.2.5
batchgenerators==0.25.1
batchgeneratorsv2==0.3.0
blosc2==3.12.2
connected-components-3d==3.26.1
dynamic_network_architectures==0.4.2
einops==0.8.1
fft-conv-pytorch==1.2.0
graphviz==0.21
imagecodecs==2025.3.30
imageio==2.37.2
joblib==1.5.1
lightgbm==4.6.0
matplotlib==3.10.3
nibabel==5.3.3
numpy==1.26.4
pandas==2.3.0
psutil==7.0.0
requests==2.32.4
scikit-image==0.25.2
scikit-learn==1.7.0
scipy==1.13.1
seaborn==0.13.2
SimpleITK==2.5.3
tifffile==2025.5.10
tqdm==4.67.1
yacs==0.1.8
